{
  "name": "mtw-boilerplate-graphics",
  "version": "0.0.1",
  "lockfileVersion": 2,
  "requires": true,
  "packages": {
    "": {
      "name": "mtw-boilerplate-graphics",
      "version": "0.0.1",
      "license": "MIT",
      "dependencies": {
        "@sitdisch/esbuild-plugin-glslx": "0.0.6",
        "esbuild": "0.14.47",
        "terser": "5.14.1",
        "three": "0.141.0",
        "twgl.js": "4.23.1"
      }
    },
    "node_modules/@jridgewell/gen-mapping": {
      "version": "0.3.1",
      "resolved": "https://registry.npmjs.org/@jridgewell/gen-mapping/-/gen-mapping-0.3.1.tgz",
      "integrity": "sha512-GcHwniMlA2z+WFPWuY8lp3fsza0I8xPFMWL5+n8LYyP6PSvPrXf4+n8stDHZY2DM0zy9sVkRDy1jDI4XGzYVqg==",
      "dependencies": {
        "@jridgewell/set-array": "^1.0.0",
        "@jridgewell/sourcemap-codec": "^1.4.10",
        "@jridgewell/trace-mapping": "^0.3.9"
      },
      "engines": {
        "node": ">=6.0.0"
      }
    },
    "node_modules/@jridgewell/resolve-uri": {
      "version": "3.0.7",
      "resolved": "https://registry.npmjs.org/@jridgewell/resolve-uri/-/resolve-uri-3.0.7.tgz",
      "integrity": "sha512-8cXDaBBHOr2pQ7j77Y6Vp5VDT2sIqWyWQ56TjEq4ih/a4iST3dItRe8Q9fp0rrIl9DoKhWQtUQz/YpOxLkXbNA==",
      "engines": {
        "node": ">=6.0.0"
      }
    },
    "node_modules/@jridgewell/set-array": {
      "version": "1.1.1",
      "resolved": "https://registry.npmjs.org/@jridgewell/set-array/-/set-array-1.1.1.tgz",
      "integrity": "sha512-Ct5MqZkLGEXTVmQYbGtx9SVqD2fqwvdubdps5D3djjAkgkKwT918VNOz65pEHFaYTeWcukmJmH5SwsA9Tn2ObQ==",
      "engines": {
        "node": ">=6.0.0"
      }
    },
    "node_modules/@jridgewell/source-map": {
      "version": "0.3.2",
      "resolved": "https://registry.npmjs.org/@jridgewell/source-map/-/source-map-0.3.2.tgz",
      "integrity": "sha512-m7O9o2uR8k2ObDysZYzdfhb08VuEml5oWGiosa1VdaPZ/A6QyPkAJuwN0Q1lhULOf6B7MtQmHENS743hWtCrgw==",
      "dependencies": {
        "@jridgewell/gen-mapping": "^0.3.0",
        "@jridgewell/trace-mapping": "^0.3.9"
      }
    },
    "node_modules/@jridgewell/sourcemap-codec": {
      "version": "1.4.13",
      "resolved": "https://registry.npmjs.org/@jridgewell/sourcemap-codec/-/sourcemap-codec-1.4.13.tgz",
      "integrity": "sha512-GryiOJmNcWbovBxTfZSF71V/mXbgcV3MewDe3kIMCLyIh5e7SKAeUZs+rMnJ8jkMolZ/4/VsdBmMrw3l+VdZ3w=="
    },
    "node_modules/@jridgewell/trace-mapping": {
      "version": "0.3.13",
      "resolved": "https://registry.npmjs.org/@jridgewell/trace-mapping/-/trace-mapping-0.3.13.tgz",
      "integrity": "sha512-o1xbKhp9qnIAoHJSWd6KlCZfqslL4valSF81H8ImioOAxluWYWOpWkpyktY2vnt4tbrX9XYaxovq6cgowaJp2w==",
      "dependencies": {
        "@jridgewell/resolve-uri": "^3.0.3",
        "@jridgewell/sourcemap-codec": "^1.4.10"
      }
    },
    "node_modules/@sitdisch/esbuild-plugin-glslx": {
      "version": "0.0.6",
      "resolved": "https://registry.npmjs.org/@sitdisch/esbuild-plugin-glslx/-/esbuild-plugin-glslx-0.0.6.tgz",
      "integrity": "sha512-E/ymffXtb3wJ4lHLjK68/wMEDMORPkuyw2UhtgvaQi3SkWErvZfaS3t4XYLpvVpycLidXYFk19+iBUIGOdwK4g==",
      "dependencies": {
        "glslx": "0.2.13",
        "prepr": "1.2.4"
      }
    },
    "node_modules/acorn": {
      "version": "8.7.0",
      "resolved": "https://registry.npmjs.org/acorn/-/acorn-8.7.0.tgz",
      "integrity": "sha512-V/LGr1APy+PXIwKebEWrkZPwoeoF+w1jiOBUmuxuiUIaOHtob8Qc9BTrYo7VuI5fR8tqsy+buA2WFooR5olqvQ==",
      "bin": {
        "acorn": "bin/acorn"
      },
      "engines": {
        "node": ">=0.4.0"
      }
    },
    "node_modules/balanced-match": {
      "version": "0.3.0",
      "resolved": "https://registry.npmjs.org/balanced-match/-/balanced-match-0.3.0.tgz",
      "integrity": "sha1-qRzdHr7xqGZZ5w/03vAWJfwtZ1Y="
    },
    "node_modules/buffer-from": {
      "version": "1.1.2",
      "resolved": "https://registry.npmjs.org/buffer-from/-/buffer-from-1.1.2.tgz",
      "integrity": "sha512-E+XQCRwSbaaiChtv6k6Dwgc+bx+Bs6vuKJHHl5kox/BaKbhiXzqQOwK4cO22yElGp2OCmjwVhT3HmxgyPGnJfQ=="
    },
    "node_modules/commander": {
      "version": "2.20.3",
      "resolved": "https://registry.npmjs.org/commander/-/commander-2.20.3.tgz",
      "integrity": "sha512-GpVkmM8vF2vQUkj2LvZmD35JxeJOLCwJ9cUkugyk2nuhbv3+mJvpLYYt+0+USMxE+oj+ey/lJEnhZw75x/OMcQ=="
    },
    "node_modules/esbuild": {
      "version": "0.14.47",
      "resolved": "https://registry.npmjs.org/esbuild/-/esbuild-0.14.47.tgz",
      "integrity": "sha512-wI4ZiIfFxpkuxB8ju4MHrGwGLyp1+awEHAHVpx6w7a+1pmYIq8T9FGEVVwFo0iFierDoMj++Xq69GXWYn2EiwA==",
      "hasInstallScript": true,
      "bin": {
        "esbuild": "bin/esbuild"
      },
      "engines": {
        "node": ">=12"
      },
      "optionalDependencies": {
        "esbuild-android-64": "0.14.47",
        "esbuild-android-arm64": "0.14.47",
        "esbuild-darwin-64": "0.14.47",
        "esbuild-darwin-arm64": "0.14.47",
        "esbuild-freebsd-64": "0.14.47",
        "esbuild-freebsd-arm64": "0.14.47",
        "esbuild-linux-32": "0.14.47",
        "esbuild-linux-64": "0.14.47",
        "esbuild-linux-arm": "0.14.47",
        "esbuild-linux-arm64": "0.14.47",
        "esbuild-linux-mips64le": "0.14.47",
        "esbuild-linux-ppc64le": "0.14.47",
        "esbuild-linux-riscv64": "0.14.47",
        "esbuild-linux-s390x": "0.14.47",
        "esbuild-netbsd-64": "0.14.47",
        "esbuild-openbsd-64": "0.14.47",
        "esbuild-sunos-64": "0.14.47",
        "esbuild-windows-32": "0.14.47",
        "esbuild-windows-64": "0.14.47",
        "esbuild-windows-arm64": "0.14.47"
      }
    },
    "node_modules/esbuild-android-64": {
      "version": "0.14.47",
      "resolved": "https://registry.npmjs.org/esbuild-android-64/-/esbuild-android-64-0.14.47.tgz",
      "integrity": "sha512-R13Bd9+tqLVFndncMHssZrPWe6/0Kpv2/dt4aA69soX4PRxlzsVpCvoJeFE8sOEoeVEiBkI0myjlkDodXlHa0g==",
      "cpu": [
        "x64"
      ],
      "optional": true,
      "os": [
        "android"
      ],
      "engines": {
        "node": ">=12"
      }
    },
    "node_modules/esbuild-android-arm64": {
      "version": "0.14.47",
      "resolved": "https://registry.npmjs.org/esbuild-android-arm64/-/esbuild-android-arm64-0.14.47.tgz",
      "integrity": "sha512-OkwOjj7ts4lBp/TL6hdd8HftIzOy/pdtbrNA4+0oVWgGG64HrdVzAF5gxtJufAPOsEjkyh1oIYvKAUinKKQRSQ==",
      "cpu": [
        "arm64"
      ],
      "optional": true,
      "os": [
        "android"
      ],
      "engines": {
        "node": ">=12"
      }
    },
    "node_modules/esbuild-darwin-64": {
      "version": "0.14.47",
      "resolved": "https://registry.npmjs.org/esbuild-darwin-64/-/esbuild-darwin-64-0.14.47.tgz",
      "integrity": "sha512-R6oaW0y5/u6Eccti/TS6c/2c1xYTb1izwK3gajJwi4vIfNs1s8B1dQzI1UiC9T61YovOQVuePDcfqHLT3mUZJA==",
      "cpu": [
        "x64"
      ],
      "optional": true,
      "os": [
        "darwin"
      ],
      "engines": {
        "node": ">=12"
      }
    },
    "node_modules/esbuild-darwin-arm64": {
      "version": "0.14.47",
      "resolved": "https://registry.npmjs.org/esbuild-darwin-arm64/-/esbuild-darwin-arm64-0.14.47.tgz",
      "integrity": "sha512-seCmearlQyvdvM/noz1L9+qblC5vcBrhUaOoLEDDoLInF/VQ9IkobGiLlyTPYP5dW1YD4LXhtBgOyevoIHGGnw==",
      "cpu": [
        "arm64"
      ],
      "optional": true,
      "os": [
        "darwin"
      ],
      "engines": {
        "node": ">=12"
      }
    },
    "node_modules/esbuild-freebsd-64": {
      "version": "0.14.47",
      "resolved": "https://registry.npmjs.org/esbuild-freebsd-64/-/esbuild-freebsd-64-0.14.47.tgz",
      "integrity": "sha512-ZH8K2Q8/Ux5kXXvQMDsJcxvkIwut69KVrYQhza/ptkW50DC089bCVrJZZ3sKzIoOx+YPTrmsZvqeZERjyYrlvQ==",
      "cpu": [
        "x64"
      ],
      "optional": true,
      "os": [
        "freebsd"
      ],
      "engines": {
        "node": ">=12"
      }
    },
    "node_modules/esbuild-freebsd-arm64": {
      "version": "0.14.47",
      "resolved": "https://registry.npmjs.org/esbuild-freebsd-arm64/-/esbuild-freebsd-arm64-0.14.47.tgz",
      "integrity": "sha512-ZJMQAJQsIOhn3XTm7MPQfCzEu5b9STNC+s90zMWe2afy9EwnHV7Ov7ohEMv2lyWlc2pjqLW8QJnz2r0KZmeAEQ==",
      "cpu": [
        "arm64"
      ],
      "optional": true,
      "os": [
        "freebsd"
      ],
      "engines": {
        "node": ">=12"
      }
    },
    "node_modules/esbuild-linux-32": {
      "version": "0.14.47",
      "resolved": "https://registry.npmjs.org/esbuild-linux-32/-/esbuild-linux-32-0.14.47.tgz",
      "integrity": "sha512-FxZOCKoEDPRYvq300lsWCTv1kcHgiiZfNrPtEhFAiqD7QZaXrad8LxyJ8fXGcWzIFzRiYZVtB3ttvITBvAFhKw==",
      "cpu": [
        "ia32"
      ],
      "optional": true,
      "os": [
        "linux"
      ],
      "engines": {
        "node": ">=12"
      }
    },
    "node_modules/esbuild-linux-64": {
      "version": "0.14.47",
      "resolved": "https://registry.npmjs.org/esbuild-linux-64/-/esbuild-linux-64-0.14.47.tgz",
      "integrity": "sha512-nFNOk9vWVfvWYF9YNYksZptgQAdstnDCMtR6m42l5Wfugbzu11VpMCY9XrD4yFxvPo9zmzcoUL/88y0lfJZJJw==",
      "cpu": [
        "x64"
      ],
      "optional": true,
      "os": [
        "linux"
      ],
      "engines": {
        "node": ">=12"
      }
    },
    "node_modules/esbuild-linux-arm": {
      "version": "0.14.47",
      "resolved": "https://registry.npmjs.org/esbuild-linux-arm/-/esbuild-linux-arm-0.14.47.tgz",
      "integrity": "sha512-ZGE1Bqg/gPRXrBpgpvH81tQHpiaGxa8c9Rx/XOylkIl2ypLuOcawXEAo8ls+5DFCcRGt/o3sV+PzpAFZobOsmA==",
      "cpu": [
        "arm"
      ],
      "optional": true,
      "os": [
        "linux"
      ],
      "engines": {
        "node": ">=12"
      }
    },
    "node_modules/esbuild-linux-arm64": {
      "version": "0.14.47",
      "resolved": "https://registry.npmjs.org/esbuild-linux-arm64/-/esbuild-linux-arm64-0.14.47.tgz",
      "integrity": "sha512-ywfme6HVrhWcevzmsufjd4iT3PxTfCX9HOdxA7Hd+/ZM23Y9nXeb+vG6AyA6jgq/JovkcqRHcL9XwRNpWG6XRw==",
      "cpu": [
        "arm64"
      ],
      "optional": true,
      "os": [
        "linux"
      ],
      "engines": {
        "node": ">=12"
      }
    },
    "node_modules/esbuild-linux-mips64le": {
      "version": "0.14.47",
      "resolved": "https://registry.npmjs.org/esbuild-linux-mips64le/-/esbuild-linux-mips64le-0.14.47.tgz",
      "integrity": "sha512-mg3D8YndZ1LvUiEdDYR3OsmeyAew4MA/dvaEJxvyygahWmpv1SlEEnhEZlhPokjsUMfRagzsEF/d/2XF+kTQGg==",
      "cpu": [
        "mips64el"
      ],
      "optional": true,
      "os": [
        "linux"
      ],
      "engines": {
        "node": ">=12"
      }
    },
    "node_modules/esbuild-linux-ppc64le": {
      "version": "0.14.47",
      "resolved": "https://registry.npmjs.org/esbuild-linux-ppc64le/-/esbuild-linux-ppc64le-0.14.47.tgz",
      "integrity": "sha512-WER+f3+szmnZiWoK6AsrTKGoJoErG2LlauSmk73LEZFQ/iWC+KhhDsOkn1xBUpzXWsxN9THmQFltLoaFEH8F8w==",
      "cpu": [
        "ppc64"
      ],
      "optional": true,
      "os": [
        "linux"
      ],
      "engines": {
        "node": ">=12"
      }
    },
    "node_modules/esbuild-linux-riscv64": {
      "version": "0.14.47",
      "resolved": "https://registry.npmjs.org/esbuild-linux-riscv64/-/esbuild-linux-riscv64-0.14.47.tgz",
      "integrity": "sha512-1fI6bP3A3rvI9BsaaXbMoaOjLE3lVkJtLxsgLHqlBhLlBVY7UqffWBvkrX/9zfPhhVMd9ZRFiaqXnB1T7BsL2g==",
      "cpu": [
        "riscv64"
      ],
      "optional": true,
      "os": [
        "linux"
      ],
      "engines": {
        "node": ">=12"
      }
    },
    "node_modules/esbuild-linux-s390x": {
      "version": "0.14.47",
      "resolved": "https://registry.npmjs.org/esbuild-linux-s390x/-/esbuild-linux-s390x-0.14.47.tgz",
      "integrity": "sha512-eZrWzy0xFAhki1CWRGnhsHVz7IlSKX6yT2tj2Eg8lhAwlRE5E96Hsb0M1mPSE1dHGpt1QVwwVivXIAacF/G6mw==",
      "cpu": [
        "s390x"
      ],
      "optional": true,
      "os": [
        "linux"
      ],
      "engines": {
        "node": ">=12"
      }
    },
    "node_modules/esbuild-netbsd-64": {
      "version": "0.14.47",
      "resolved": "https://registry.npmjs.org/esbuild-netbsd-64/-/esbuild-netbsd-64-0.14.47.tgz",
      "integrity": "sha512-Qjdjr+KQQVH5Q2Q1r6HBYswFTToPpss3gqCiSw2Fpq/ua8+eXSQyAMG+UvULPqXceOwpnPo4smyZyHdlkcPppQ==",
      "cpu": [
        "x64"
      ],
      "optional": true,
      "os": [
        "netbsd"
      ],
      "engines": {
        "node": ">=12"
      }
    },
    "node_modules/esbuild-openbsd-64": {
      "version": "0.14.47",
      "resolved": "https://registry.npmjs.org/esbuild-openbsd-64/-/esbuild-openbsd-64-0.14.47.tgz",
      "integrity": "sha512-QpgN8ofL7B9z8g5zZqJE+eFvD1LehRlxr25PBkjyyasakm4599iroUpaj96rdqRlO2ShuyqwJdr+oNqWwTUmQw==",
      "cpu": [
        "x64"
      ],
      "optional": true,
      "os": [
        "openbsd"
      ],
      "engines": {
        "node": ">=12"
      }
    },
    "node_modules/esbuild-sunos-64": {
      "version": "0.14.47",
      "resolved": "https://registry.npmjs.org/esbuild-sunos-64/-/esbuild-sunos-64-0.14.47.tgz",
      "integrity": "sha512-uOeSgLUwukLioAJOiGYm3kNl+1wJjgJA8R671GYgcPgCx7QR73zfvYqXFFcIO93/nBdIbt5hd8RItqbbf3HtAQ==",
      "cpu": [
        "x64"
      ],
      "optional": true,
      "os": [
        "sunos"
      ],
      "engines": {
        "node": ">=12"
      }
    },
    "node_modules/esbuild-windows-32": {
      "version": "0.14.47",
      "resolved": "https://registry.npmjs.org/esbuild-windows-32/-/esbuild-windows-32-0.14.47.tgz",
      "integrity": "sha512-H0fWsLTp2WBfKLBgwYT4OTfFly4Im/8B5f3ojDv1Kx//kiubVY0IQunP2Koc/fr/0wI7hj3IiBDbSrmKlrNgLQ==",
      "cpu": [
        "ia32"
      ],
      "optional": true,
      "os": [
        "win32"
      ],
      "engines": {
        "node": ">=12"
      }
    },
    "node_modules/esbuild-windows-64": {
      "version": "0.14.47",
      "resolved": "https://registry.npmjs.org/esbuild-windows-64/-/esbuild-windows-64-0.14.47.tgz",
      "integrity": "sha512-/Pk5jIEH34T68r8PweKRi77W49KwanZ8X6lr3vDAtOlH5EumPE4pBHqkCUdELanvsT14yMXLQ/C/8XPi1pAtkQ==",
      "cpu": [
        "x64"
      ],
      "optional": true,
      "os": [
        "win32"
      ],
      "engines": {
        "node": ">=12"
      }
    },
    "node_modules/esbuild-windows-arm64": {
      "version": "0.14.47",
      "resolved": "https://registry.npmjs.org/esbuild-windows-arm64/-/esbuild-windows-arm64-0.14.47.tgz",
      "integrity": "sha512-HFSW2lnp62fl86/qPQlqw6asIwCnEsEoNIL1h2uVMgakddf+vUuMcCbtUY1i8sst7KkgHrVKCJQB33YhhOweCQ==",
      "cpu": [
        "arm64"
      ],
      "optional": true,
      "os": [
        "win32"
      ],
      "engines": {
        "node": ">=12"
      }
    },
    "node_modules/escaper": {
      "version": "2.5.3",
      "resolved": "https://registry.npmjs.org/escaper/-/escaper-2.5.3.tgz",
      "integrity": "sha512-QGb9sFxBVpbzMggrKTX0ry1oiI4CSDAl9vIL702hzl1jGW8VZs7qfqTRX7WDOjoNDoEVGcEtu1ZOQgReSfT2kQ=="
    },
    "node_modules/expression-eval": {
      "version": "1.4.0",
      "resolved": "https://registry.npmjs.org/expression-eval/-/expression-eval-1.4.0.tgz",
      "integrity": "sha512-CvpqG2feKjGcr+6NB/ZOA2csOeVL+2DSiWrF/4h0mrdYv4SxR2vCZhLHSst4Sp+xHtN/LQtPfi6i7K9EJwzRGw==",
      "dependencies": {
        "jsep": "^0.3.0"
      }
    },
    "node_modules/glslx": {
      "version": "0.2.13",
      "resolved": "https://registry.npmjs.org/glslx/-/glslx-0.2.13.tgz",
      "integrity": "sha512-AjvDqcG3JGHFphnDpPraIiIVuNigblOGofr8EZFGlHUbpCuPzS43H3oqgd3m8h0+8a4Wf59fG5AMC1XirJjXfg==",
      "bin": {
        "glslx": "glslx"
      }
    },
    "node_modules/jsep": {
      "version": "0.3.5",
      "resolved": "https://registry.npmjs.org/jsep/-/jsep-0.3.5.tgz",
      "integrity": "sha512-AoRLBDc6JNnKjNcmonituEABS5bcfqDhQAWWXNTFrqu6nVXBpBAGfcoTGZMFlIrh9FjmE1CQyX9CTNwZrXMMDA==",
      "engines": {
        "node": ">= 6.0.0"
      }
    },
    "node_modules/object-assign": {
      "version": "4.1.1",
      "resolved": "https://registry.npmjs.org/object-assign/-/object-assign-4.1.1.tgz",
      "integrity": "sha1-IQmtx5ZYh8/AXLvUQsrIv7s2CGM=",
      "engines": {
        "node": ">=0.10.0"
      }
    },
    "node_modules/parenthesis": {
      "version": "3.1.8",
      "resolved": "https://registry.npmjs.org/parenthesis/-/parenthesis-3.1.8.tgz",
      "integrity": "sha512-KF/U8tk54BgQewkJPvB4s/US3VQY68BRDpH638+7O/n58TpnwiwnOtGIOsT2/i+M78s61BBpeC83STB88d8sqw=="
    },
    "node_modules/prepr": {
      "version": "1.2.4",
      "resolved": "https://registry.npmjs.org/prepr/-/prepr-1.2.4.tgz",
      "integrity": "sha512-g2TAN/rTgSpr30qb8UlhqHGK+oGTRr2cCWOI+DRs2Px4/e5jg1db2QDbux/WOK9uMiSPfoi5ZGOvn6lFSu8jeg==",
      "dependencies": {
        "balanced-match": "^0.3.0",
        "escaper": "^2.5.3",
        "expression-eval": "^1.4.0",
        "object-assign": "^4.1.1",
        "parenthesis": "^3.0.0",
        "strip-json-comments": "^2.0.1"
      }
    },
    "node_modules/source-map-support": {
      "version": "0.5.21",
      "resolved": "https://registry.npmjs.org/source-map-support/-/source-map-support-0.5.21.tgz",
      "integrity": "sha512-uBHU3L3czsIyYXKX88fdrGovxdSCoTGDRZ6SYXtSRxLZUzHg5P/66Ht6uoUlHu9EZod+inXhKo3qQgwXUT/y1w==",
      "dependencies": {
        "buffer-from": "^1.0.0",
        "source-map": "^0.6.0"
      }
    },
    "node_modules/source-map-support/node_modules/source-map": {
      "version": "0.6.1",
      "resolved": "https://registry.npmjs.org/source-map/-/source-map-0.6.1.tgz",
      "integrity": "sha512-UjgapumWlbMhkBgzT7Ykc5YXUT46F0iKu8SGXq0bcwP5dz/h0Plj6enJqjz1Zbq2l5WaqYnrVbwWOWMyF3F47g==",
      "engines": {
        "node": ">=0.10.0"
      }
    },
    "node_modules/strip-json-comments": {
      "version": "2.0.1",
      "resolved": "https://registry.npmjs.org/strip-json-comments/-/strip-json-comments-2.0.1.tgz",
      "integrity": "sha1-PFMZQukIwml8DsNEhYwobHygpgo=",
      "engines": {
        "node": ">=0.10.0"
      }
    },
    "node_modules/terser": {
      "version": "5.14.1",
      "resolved": "https://registry.npmjs.org/terser/-/terser-5.14.1.tgz",
      "integrity": "sha512-+ahUAE+iheqBTDxXhTisdA8hgvbEG1hHOQ9xmNjeUJSoi6DU/gMrKNcfZjHkyY6Alnuyc+ikYJaxxfHkT3+WuQ==",
      "dependencies": {
        "@jridgewell/source-map": "^0.3.2",
        "acorn": "^8.5.0",
        "commander": "^2.20.0",
        "source-map-support": "~0.5.20"
      },
      "bin": {
        "terser": "bin/terser"
      },
      "engines": {
        "node": ">=10"
      }
    },
    "node_modules/three": {
      "version": "0.141.0",
      "resolved": "https://registry.npmjs.org/three/-/three-0.141.0.tgz",
      "integrity": "sha512-JaSDAPWuk4RTzG5BYRQm8YZbERUxTfTDVouWgHMisS2to4E5fotMS9F2zPFNOIJyEFTTQDDKPpsgZVThKU3pXA=="
    },
    "node_modules/twgl.js": {
      "version": "4.23.1",
      "resolved": "https://registry.npmjs.org/twgl.js/-/twgl.js-4.23.1.tgz",
      "integrity": "sha512-j/rHvMUocTw7sDvQoxwpvi0EnU0Y8iuN7ouS5QuBgMiTLPZvMuViqKsU1+/yInZQkC3RLKdfRpuDtzy9vuBWjg=="
    }
  },
  "dependencies": {
    "@jridgewell/gen-mapping": {
      "version": "0.3.1",
      "resolved": "https://registry.npmjs.org/@jridgewell/gen-mapping/-/gen-mapping-0.3.1.tgz",
      "integrity": "sha512-GcHwniMlA2z+WFPWuY8lp3fsza0I8xPFMWL5+n8LYyP6PSvPrXf4+n8stDHZY2DM0zy9sVkRDy1jDI4XGzYVqg==",
      "requires": {
        "@jridgewell/set-array": "^1.0.0",
        "@jridgewell/sourcemap-codec": "^1.4.10",
        "@jridgewell/trace-mapping": "^0.3.9"
      }
    },
    "@jridgewell/resolve-uri": {
      "version": "3.0.7",
      "resolved": "https://registry.npmjs.org/@jridgewell/resolve-uri/-/resolve-uri-3.0.7.tgz",
      "integrity": "sha512-8cXDaBBHOr2pQ7j77Y6Vp5VDT2sIqWyWQ56TjEq4ih/a4iST3dItRe8Q9fp0rrIl9DoKhWQtUQz/YpOxLkXbNA=="
    },
    "@jridgewell/set-array": {
      "version": "1.1.1",
      "resolved": "https://registry.npmjs.org/@jridgewell/set-array/-/set-array-1.1.1.tgz",
      "integrity": "sha512-Ct5MqZkLGEXTVmQYbGtx9SVqD2fqwvdubdps5D3djjAkgkKwT918VNOz65pEHFaYTeWcukmJmH5SwsA9Tn2ObQ=="
    },
    "@jridgewell/source-map": {
      "version": "0.3.2",
      "resolved": "https://registry.npmjs.org/@jridgewell/source-map/-/source-map-0.3.2.tgz",
      "integrity": "sha512-m7O9o2uR8k2ObDysZYzdfhb08VuEml5oWGiosa1VdaPZ/A6QyPkAJuwN0Q1lhULOf6B7MtQmHENS743hWtCrgw==",
      "requires": {
        "@jridgewell/gen-mapping": "^0.3.0",
        "@jridgewell/trace-mapping": "^0.3.9"
      }
    },
    "@jridgewell/sourcemap-codec": {
      "version": "1.4.13",
      "resolved": "https://registry.npmjs.org/@jridgewell/sourcemap-codec/-/sourcemap-codec-1.4.13.tgz",
      "integrity": "sha512-GryiOJmNcWbovBxTfZSF71V/mXbgcV3MewDe3kIMCLyIh5e7SKAeUZs+rMnJ8jkMolZ/4/VsdBmMrw3l+VdZ3w=="
    },
    "@jridgewell/trace-mapping": {
      "version": "0.3.13",
      "resolved": "https://registry.npmjs.org/@jridgewell/trace-mapping/-/trace-mapping-0.3.13.tgz",
      "integrity": "sha512-o1xbKhp9qnIAoHJSWd6KlCZfqslL4valSF81H8ImioOAxluWYWOpWkpyktY2vnt4tbrX9XYaxovq6cgowaJp2w==",
      "requires": {
        "@jridgewell/resolve-uri": "^3.0.3",
        "@jridgewell/sourcemap-codec": "^1.4.10"
      }
    },
    "@sitdisch/esbuild-plugin-glslx": {
      "version": "0.0.6",
      "resolved": "https://registry.npmjs.org/@sitdisch/esbuild-plugin-glslx/-/esbuild-plugin-glslx-0.0.6.tgz",
      "integrity": "sha512-E/ymffXtb3wJ4lHLjK68/wMEDMORPkuyw2UhtgvaQi3SkWErvZfaS3t4XYLpvVpycLidXYFk19+iBUIGOdwK4g==",
      "requires": {
        "glslx": "0.2.13",
        "prepr": "1.2.4"
      }
    },
    "acorn": {
      "version": "8.7.0",
      "resolved": "https://registry.npmjs.org/acorn/-/acorn-8.7.0.tgz",
      "integrity": "sha512-V/LGr1APy+PXIwKebEWrkZPwoeoF+w1jiOBUmuxuiUIaOHtob8Qc9BTrYo7VuI5fR8tqsy+buA2WFooR5olqvQ=="
    },
    "balanced-match": {
      "version": "0.3.0",
      "resolved": "https://registry.npmjs.org/balanced-match/-/balanced-match-0.3.0.tgz",
      "integrity": "sha1-qRzdHr7xqGZZ5w/03vAWJfwtZ1Y="
    },
    "buffer-from": {
      "version": "1.1.2",
      "resolved": "https://registry.npmjs.org/buffer-from/-/buffer-from-1.1.2.tgz",
      "integrity": "sha512-E+XQCRwSbaaiChtv6k6Dwgc+bx+Bs6vuKJHHl5kox/BaKbhiXzqQOwK4cO22yElGp2OCmjwVhT3HmxgyPGnJfQ=="
    },
    "commander": {
      "version": "2.20.3",
      "resolved": "https://registry.npmjs.org/commander/-/commander-2.20.3.tgz",
      "integrity": "sha512-GpVkmM8vF2vQUkj2LvZmD35JxeJOLCwJ9cUkugyk2nuhbv3+mJvpLYYt+0+USMxE+oj+ey/lJEnhZw75x/OMcQ=="
    },
    "esbuild": {
      "version": "0.14.47",
      "resolved": "https://registry.npmjs.org/esbuild/-/esbuild-0.14.47.tgz",
      "integrity": "sha512-wI4ZiIfFxpkuxB8ju4MHrGwGLyp1+awEHAHVpx6w7a+1pmYIq8T9FGEVVwFo0iFierDoMj++Xq69GXWYn2EiwA==",
      "requires": {
        "esbuild-android-64": "0.14.47",
        "esbuild-android-arm64": "0.14.47",
        "esbuild-darwin-64": "0.14.47",
        "esbuild-darwin-arm64": "0.14.47",
        "esbuild-freebsd-64": "0.14.47",
        "esbuild-freebsd-arm64": "0.14.47",
        "esbuild-linux-32": "0.14.47",
        "esbuild-linux-64": "0.14.47",
        "esbuild-linux-arm": "0.14.47",
        "esbuild-linux-arm64": "0.14.47",
        "esbuild-linux-mips64le": "0.14.47",
        "esbuild-linux-ppc64le": "0.14.47",
        "esbuild-linux-riscv64": "0.14.47",
        "esbuild-linux-s390x": "0.14.47",
        "esbuild-netbsd-64": "0.14.47",
        "esbuild-openbsd-64": "0.14.47",
        "esbuild-sunos-64": "0.14.47",
        "esbuild-windows-32": "0.14.47",
        "esbuild-windows-64": "0.14.47",
        "esbuild-windows-arm64": "0.14.47"
      }
    },
    "esbuild-android-64": {
      "version": "0.14.47",
      "resolved": "https://registry.npmjs.org/esbuild-android-64/-/esbuild-android-64-0.14.47.tgz",
      "integrity": "sha512-R13Bd9+tqLVFndncMHssZrPWe6/0Kpv2/dt4aA69soX4PRxlzsVpCvoJeFE8sOEoeVEiBkI0myjlkDodXlHa0g==",
      "optional": true
    },
    "esbuild-android-arm64": {
      "version": "0.14.47",
      "resolved": "https://registry.npmjs.org/esbuild-android-arm64/-/esbuild-android-arm64-0.14.47.tgz",
      "integrity": "sha512-OkwOjj7ts4lBp/TL6hdd8HftIzOy/pdtbrNA4+0oVWgGG64HrdVzAF5gxtJufAPOsEjkyh1oIYvKAUinKKQRSQ==",
      "optional": true
    },
    "esbuild-darwin-64": {
      "version": "0.14.47",
      "resolved": "https://registry.npmjs.org/esbuild-darwin-64/-/esbuild-darwin-64-0.14.47.tgz",
      "integrity": "sha512-R6oaW0y5/u6Eccti/TS6c/2c1xYTb1izwK3gajJwi4vIfNs1s8B1dQzI1UiC9T61YovOQVuePDcfqHLT3mUZJA==",
      "optional": true
    },
    "esbuild-darwin-arm64": {
      "version": "0.14.47",
      "resolved": "https://registry.npmjs.org/esbuild-darwin-arm64/-/esbuild-darwin-arm64-0.14.47.tgz",
      "integrity": "sha512-seCmearlQyvdvM/noz1L9+qblC5vcBrhUaOoLEDDoLInF/VQ9IkobGiLlyTPYP5dW1YD4LXhtBgOyevoIHGGnw==",
      "optional": true
    },
    "esbuild-freebsd-64": {
      "version": "0.14.47",
      "resolved": "https://registry.npmjs.org/esbuild-freebsd-64/-/esbuild-freebsd-64-0.14.47.tgz",
      "integrity": "sha512-ZH8K2Q8/Ux5kXXvQMDsJcxvkIwut69KVrYQhza/ptkW50DC089bCVrJZZ3sKzIoOx+YPTrmsZvqeZERjyYrlvQ==",
      "optional": true
    },
    "esbuild-freebsd-arm64": {
      "version": "0.14.47",
      "resolved": "https://registry.npmjs.org/esbuild-freebsd-arm64/-/esbuild-freebsd-arm64-0.14.47.tgz",
      "integrity": "sha512-ZJMQAJQsIOhn3XTm7MPQfCzEu5b9STNC+s90zMWe2afy9EwnHV7Ov7ohEMv2lyWlc2pjqLW8QJnz2r0KZmeAEQ==",
      "optional": true
    },
    "esbuild-linux-32": {
      "version": "0.14.47",
      "resolved": "https://registry.npmjs.org/esbuild-linux-32/-/esbuild-linux-32-0.14.47.tgz",
      "integrity": "sha512-FxZOCKoEDPRYvq300lsWCTv1kcHgiiZfNrPtEhFAiqD7QZaXrad8LxyJ8fXGcWzIFzRiYZVtB3ttvITBvAFhKw==",
      "optional": true
    },
    "esbuild-linux-64": {
      "version": "0.14.47",
      "resolved": "https://registry.npmjs.org/esbuild-linux-64/-/esbuild-linux-64-0.14.47.tgz",
      "integrity": "sha512-nFNOk9vWVfvWYF9YNYksZptgQAdstnDCMtR6m42l5Wfugbzu11VpMCY9XrD4yFxvPo9zmzcoUL/88y0lfJZJJw==",
      "optional": true
    },
    "esbuild-linux-arm": {
      "version": "0.14.47",
      "resolved": "https://registry.npmjs.org/esbuild-linux-arm/-/esbuild-linux-arm-0.14.47.tgz",
      "integrity": "sha512-ZGE1Bqg/gPRXrBpgpvH81tQHpiaGxa8c9Rx/XOylkIl2ypLuOcawXEAo8ls+5DFCcRGt/o3sV+PzpAFZobOsmA==",
      "optional": true
    },
    "esbuild-linux-arm64": {
      "version": "0.14.47",
      "resolved": "https://registry.npmjs.org/esbuild-linux-arm64/-/esbuild-linux-arm64-0.14.47.tgz",
      "integrity": "sha512-ywfme6HVrhWcevzmsufjd4iT3PxTfCX9HOdxA7Hd+/ZM23Y9nXeb+vG6AyA6jgq/JovkcqRHcL9XwRNpWG6XRw==",
      "optional": true
    },
    "esbuild-linux-mips64le": {
      "version": "0.14.47",
      "resolved": "https://registry.npmjs.org/esbuild-linux-mips64le/-/esbuild-linux-mips64le-0.14.47.tgz",
      "integrity": "sha512-mg3D8YndZ1LvUiEdDYR3OsmeyAew4MA/dvaEJxvyygahWmpv1SlEEnhEZlhPokjsUMfRagzsEF/d/2XF+kTQGg==",
      "optional": true
    },
    "esbuild-linux-ppc64le": {
      "version": "0.14.47",
      "resolved": "https://registry.npmjs.org/esbuild-linux-ppc64le/-/esbuild-linux-ppc64le-0.14.47.tgz",
      "integrity": "sha512-WER+f3+szmnZiWoK6AsrTKGoJoErG2LlauSmk73LEZFQ/iWC+KhhDsOkn1xBUpzXWsxN9THmQFltLoaFEH8F8w==",
      "optional": true
    },
    "esbuild-linux-riscv64": {
      "version": "0.14.47",
      "resolved": "https://registry.npmjs.org/esbuild-linux-riscv64/-/esbuild-linux-riscv64-0.14.47.tgz",
      "integrity": "sha512-1fI6bP3A3rvI9BsaaXbMoaOjLE3lVkJtLxsgLHqlBhLlBVY7UqffWBvkrX/9zfPhhVMd9ZRFiaqXnB1T7BsL2g==",
      "optional": true
    },
    "esbuild-linux-s390x": {
      "version": "0.14.47",
      "resolved": "https://registry.npmjs.org/esbuild-linux-s390x/-/esbuild-linux-s390x-0.14.47.tgz",
      "integrity": "sha512-eZrWzy0xFAhki1CWRGnhsHVz7IlSKX6yT2tj2Eg8lhAwlRE5E96Hsb0M1mPSE1dHGpt1QVwwVivXIAacF/G6mw==",
      "optional": true
    },
    "esbuild-netbsd-64": {
      "version": "0.14.47",
      "resolved": "https://registry.npmjs.org/esbuild-netbsd-64/-/esbuild-netbsd-64-0.14.47.tgz",
      "integrity": "sha512-Qjdjr+KQQVH5Q2Q1r6HBYswFTToPpss3gqCiSw2Fpq/ua8+eXSQyAMG+UvULPqXceOwpnPo4smyZyHdlkcPppQ==",
      "optional": true
    },
    "esbuild-openbsd-64": {
      "version": "0.14.47",
      "resolved": "https://registry.npmjs.org/esbuild-openbsd-64/-/esbuild-openbsd-64-0.14.47.tgz",
      "integrity": "sha512-QpgN8ofL7B9z8g5zZqJE+eFvD1LehRlxr25PBkjyyasakm4599iroUpaj96rdqRlO2ShuyqwJdr+oNqWwTUmQw==",
      "optional": true
    },
    "esbuild-sunos-64": {
      "version": "0.14.47",
      "resolved": "https://registry.npmjs.org/esbuild-sunos-64/-/esbuild-sunos-64-0.14.47.tgz",
      "integrity": "sha512-uOeSgLUwukLioAJOiGYm3kNl+1wJjgJA8R671GYgcPgCx7QR73zfvYqXFFcIO93/nBdIbt5hd8RItqbbf3HtAQ==",
      "optional": true
    },
    "esbuild-windows-32": {
      "version": "0.14.47",
      "resolved": "https://registry.npmjs.org/esbuild-windows-32/-/esbuild-windows-32-0.14.47.tgz",
      "integrity": "sha512-H0fWsLTp2WBfKLBgwYT4OTfFly4Im/8B5f3ojDv1Kx//kiubVY0IQunP2Koc/fr/0wI7hj3IiBDbSrmKlrNgLQ==",
      "optional": true
    },
    "esbuild-windows-64": {
      "version": "0.14.47",
      "resolved": "https://registry.npmjs.org/esbuild-windows-64/-/esbuild-windows-64-0.14.47.tgz",
      "integrity": "sha512-/Pk5jIEH34T68r8PweKRi77W49KwanZ8X6lr3vDAtOlH5EumPE4pBHqkCUdELanvsT14yMXLQ/C/8XPi1pAtkQ==",
      "optional": true
    },
    "esbuild-windows-arm64": {
      "version": "0.14.47",
      "resolved": "https://registry.npmjs.org/esbuild-windows-arm64/-/esbuild-windows-arm64-0.14.47.tgz",
      "integrity": "sha512-HFSW2lnp62fl86/qPQlqw6asIwCnEsEoNIL1h2uVMgakddf+vUuMcCbtUY1i8sst7KkgHrVKCJQB33YhhOweCQ==",
      "optional": true
    },
    "escaper": {
      "version": "2.5.3",
      "resolved": "https://registry.npmjs.org/escaper/-/escaper-2.5.3.tgz",
      "integrity": "sha512-QGb9sFxBVpbzMggrKTX0ry1oiI4CSDAl9vIL702hzl1jGW8VZs7qfqTRX7WDOjoNDoEVGcEtu1ZOQgReSfT2kQ=="
    },
    "expression-eval": {
      "version": "1.4.0",
      "resolved": "https://registry.npmjs.org/expression-eval/-/expression-eval-1.4.0.tgz",
      "integrity": "sha512-CvpqG2feKjGcr+6NB/ZOA2csOeVL+2DSiWrF/4h0mrdYv4SxR2vCZhLHSst4Sp+xHtN/LQtPfi6i7K9EJwzRGw==",
      "requires": {
        "jsep": "^0.3.0"
      }
    },
    "glslx": {
      "version": "0.2.13",
      "resolved": "https://registry.npmjs.org/glslx/-/glslx-0.2.13.tgz",
      "integrity": "sha512-AjvDqcG3JGHFphnDpPraIiIVuNigblOGofr8EZFGlHUbpCuPzS43H3oqgd3m8h0+8a4Wf59fG5AMC1XirJjXfg=="
    },
    "jsep": {
      "version": "0.3.5",
      "resolved": "https://registry.npmjs.org/jsep/-/jsep-0.3.5.tgz",
      "integrity": "sha512-AoRLBDc6JNnKjNcmonituEABS5bcfqDhQAWWXNTFrqu6nVXBpBAGfcoTGZMFlIrh9FjmE1CQyX9CTNwZrXMMDA=="
    },
    "object-assign": {
      "version": "4.1.1",
      "resolved": "https://registry.npmjs.org/object-assign/-/object-assign-4.1.1.tgz",
      "integrity": "sha1-IQmtx5ZYh8/AXLvUQsrIv7s2CGM="
    },
    "parenthesis": {
      "version": "3.1.8",
      "resolved": "https://registry.npmjs.org/parenthesis/-/parenthesis-3.1.8.tgz",
      "integrity": "sha512-KF/U8tk54BgQewkJPvB4s/US3VQY68BRDpH638+7O/n58TpnwiwnOtGIOsT2/i+M78s61BBpeC83STB88d8sqw=="
    },
    "prepr": {
      "version": "1.2.4",
      "resolved": "https://registry.npmjs.org/prepr/-/prepr-1.2.4.tgz",
      "integrity": "sha512-g2TAN/rTgSpr30qb8UlhqHGK+oGTRr2cCWOI+DRs2Px4/e5jg1db2QDbux/WOK9uMiSPfoi5ZGOvn6lFSu8jeg==",
      "requires": {
        "balanced-match": "^0.3.0",
        "escaper": "^2.5.3",
        "expression-eval": "^1.4.0",
        "object-assign": "^4.1.1",
        "parenthesis": "^3.0.0",
        "strip-json-comments": "^2.0.1"
      }
    },
    "source-map-support": {
      "version": "0.5.21",
      "resolved": "https://registry.npmjs.org/source-map-support/-/source-map-support-0.5.21.tgz",
      "integrity": "sha512-uBHU3L3czsIyYXKX88fdrGovxdSCoTGDRZ6SYXtSRxLZUzHg5P/66Ht6uoUlHu9EZod+inXhKo3qQgwXUT/y1w==",
      "requires": {
        "buffer-from": "^1.0.0",
        "source-map": "^0.6.0"
      },
      "dependencies": {
        "source-map": {
          "version": "0.6.1",
          "resolved": "https://registry.npmjs.org/source-map/-/source-map-0.6.1.tgz",
          "integrity": "sha512-UjgapumWlbMhkBgzT7Ykc5YXUT46F0iKu8SGXq0bcwP5dz/h0Plj6enJqjz1Zbq2l5WaqYnrVbwWOWMyF3F47g=="
        }
      }
    },
    "strip-json-comments": {
      "version": "2.0.1",
      "resolved": "https://registry.npmjs.org/strip-json-comments/-/strip-json-comments-2.0.1.tgz",
      "integrity": "sha1-PFMZQukIwml8DsNEhYwobHygpgo="
    },
    "terser": {
      "version": "5.14.1",
      "resolved": "https://registry.npmjs.org/terser/-/terser-5.14.1.tgz",
      "integrity": "sha512-+ahUAE+iheqBTDxXhTisdA8hgvbEG1hHOQ9xmNjeUJSoi6DU/gMrKNcfZjHkyY6Alnuyc+ikYJaxxfHkT3+WuQ==",
      "requires": {
        "@jridgewell/source-map": "^0.3.2",
        "acorn": "^8.5.0",
        "commander": "^2.20.0",
        "source-map-support": "~0.5.20"
      }
    },
    "three": {
      "version": "0.141.0",
      "resolved": "https://registry.npmjs.org/three/-/three-0.141.0.tgz",
      "integrity": "sha512-JaSDAPWuk4RTzG5BYRQm8YZbERUxTfTDVouWgHMisS2to4E5fotMS9F2zPFNOIJyEFTTQDDKPpsgZVThKU3pXA=="
    },
    "twgl.js": {
      "version": "4.23.1",
      "resolved": "https://registry.npmjs.org/twgl.js/-/twgl.js-4.23.1.tgz",
      "integrity": "sha512-j/rHvMUocTw7sDvQoxwpvi0EnU0Y8iuN7ouS5QuBgMiTLPZvMuViqKsU1+/yInZQkC3RLKdfRpuDtzy9vuBWjg=="
    }
  }
}
